// !$*UTF8*$!
{
	archiveVersion = 1;
	classes = {
	};
	objectVersion = 50;
	objects = {

/* Begin PBXBuildFile section */
		545ED8D325952A7F004303FE /* DBManager.swift in Sources */ = {isa = PBXBuildFile; fileRef = 545ED8D225952A7F004303FE /* DBManager.swift */; };
		546974D6258E50BF0038B3FA /* AppDelegate.swift in Sources */ = {isa = PBXBuildFile; fileRef = 546974D5258E50BF0038B3FA /* AppDelegate.swift */; };
		546974D8258E50BF0038B3FA /* SceneDelegate.swift in Sources */ = {isa = PBXBuildFile; fileRef = 546974D7258E50BF0038B3FA /* SceneDelegate.swift */; };
		546974DA258E50BF0038B3FA /* ViewController.swift in Sources */ = {isa = PBXBuildFile; fileRef = 546974D9258E50BF0038B3FA /* ViewController.swift */; };
		546974DD258E50BF0038B3FA /* Main.storyboard in Resources */ = {isa = PBXBuildFile; fileRef = 546974DB258E50BF0038B3FA /* Main.storyboard */; };
		546974E2258E50C20038B3FA /* Assets.xcassets in Resources */ = {isa = PBXBuildFile; fileRef = 546974E1258E50C20038B3FA /* Assets.xcassets */; };
		546974E5258E50C20038B3FA /* LaunchScreen.storyboard in Resources */ = {isa = PBXBuildFile; fileRef = 546974E3258E50C20038B3FA /* LaunchScreen.storyboard */; };
		54E2E61B2599CE7600A9DD70 /* Contact_Book.xcdatamodeld in Sources */ = {isa = PBXBuildFile; fileRef = 54E2E6192599CE7600A9DD70 /* Contact_Book.xcdatamodeld */; };
		54E2E64D2599E2F900A9DD70 /* Contact+CoreDataClass.swift in Sources */ = {isa = PBXBuildFile; fileRef = 54E2E64B2599E2F900A9DD70 /* Contact+CoreDataClass.swift */; };
		54E2E64E2599E2F900A9DD70 /* Contact+CoreDataProperties.swift in Sources */ = {isa = PBXBuildFile; fileRef = 54E2E64C2599E2F900A9DD70 /* Contact+CoreDataProperties.swift */; };
		54F294D72593CE7D000FB619 /* CustomView.swift in Sources */ = {isa = PBXBuildFile; fileRef = 54F294D62593CE7D000FB619 /* CustomView.swift */; };
		54F294DD2593DD40000FB619 /* CollectionViewController.swift in Sources */ = {isa = PBXBuildFile; fileRef = 54F294DC2593DD3F000FB619 /* CollectionViewController.swift */; };
/* End PBXBuildFile section */

/* Begin PBXFileReference section */
		545ED8D225952A7F004303FE /* DBManager.swift */ = {isa = PBXFileReference; lastKnownFileType = sourcecode.swift; path = DBManager.swift; sourceTree = "<group>"; };
		546974D2258E50BF0038B3FA /* Contact Book.app */ = {isa = PBXFileReference; explicitFileType = wrapper.application; includeInIndex = 0; path = "Contact Book.app"; sourceTree = BUILT_PRODUCTS_DIR; };
		546974D5258E50BF0038B3FA /* AppDelegate.swift */ = {isa = PBXFileReference; lastKnownFileType = sourcecode.swift; path = AppDelegate.swift; sourceTree = "<group>"; };
		546974D7258E50BF0038B3FA /* SceneDelegate.swift */ = {isa = PBXFileReference; lastKnownFileType = sourcecode.swift; path = SceneDelegate.swift; sourceTree = "<group>"; };
		546974D9258E50BF0038B3FA /* ViewController.swift */ = {isa = PBXFileReference; lastKnownFileType = sourcecode.swift; path = ViewController.swift; sourceTree = "<group>"; };
		546974DC258E50BF0038B3FA /* Base */ = {isa = PBXFileReference; lastKnownFileType = file.storyboard; name = Base; path = Base.lproj/Main.storyboard; sourceTree = "<group>"; };
		546974E1258E50C20038B3FA /* Assets.xcassets */ = {isa = PBXFileReference; lastKnownFileType = folder.assetcatalog; path = Assets.xcassets; sourceTree = "<group>"; };
		546974E4258E50C20038B3FA /* Base */ = {isa = PBXFileReference; lastKnownFileType = file.storyboard; name = Base; path = Base.lproj/LaunchScreen.storyboard; sourceTree = "<group>"; };
		54E2E61A2599CE7600A9DD70 /* Contact_Book.xcdatamodel */ = {isa = PBXFileReference; lastKnownFileType = wrapper.xcdatamodel; path = Contact_Book.xcdatamodel; sourceTree = "<group>"; };
		54E2E6302599D0F100A9DD70 /* Info.plist */ = {isa = PBXFileReference; fileEncoding = 4; lastKnownFileType = text.plist.xml; path = Info.plist; sourceTree = "<group>"; };
		54E2E64B2599E2F900A9DD70 /* Contact+CoreDataClass.swift */ = {isa = PBXFileReference; lastKnownFileType = sourcecode.swift; path = "Contact+CoreDataClass.swift"; sourceTree = "<group>"; };
		54E2E64C2599E2F900A9DD70 /* Contact+CoreDataProperties.swift */ = {isa = PBXFileReference; lastKnownFileType = sourcecode.swift; path = "Contact+CoreDataProperties.swift"; sourceTree = "<group>"; };
		54F294D62593CE7D000FB619 /* CustomView.swift */ = {isa = PBXFileReference; lastKnownFileType = sourcecode.swift; path = CustomView.swift; sourceTree = "<group>"; };
		54F294DC2593DD3F000FB619 /* CollectionViewController.swift */ = {isa = PBXFileReference; lastKnownFileType = sourcecode.swift; path = CollectionViewController.swift; sourceTree = "<group>"; };
/* End PBXFileReference section */

/* Begin PBXFrameworksBuildPhase section */
		546974CF258E50BF0038B3FA /* Frameworks */ = {
			isa = PBXFrameworksBuildPhase;
			buildActionMask = 2147483647;
			files = (
			);
			runOnlyForDeploymentPostprocessing = 0;
		};
/* End PBXFrameworksBuildPhase section */

/* Begin PBXGroup section */
		546974C9258E50BF0038B3FA = {
			isa = PBXGroup;
			children = (
				546974D4258E50BF0038B3FA /* Contact Book */,
				546974D3258E50BF0038B3FA /* Products */,
			);
			sourceTree = "<group>";
		};
		546974D3258E50BF0038B3FA /* Products */ = {
			isa = PBXGroup;
			children = (
				546974D2258E50BF0038B3FA /* Contact Book.app */,
			);
			name = Products;
			sourceTree = "<group>";
		};
		546974D4258E50BF0038B3FA /* Contact Book */ = {
			isa = PBXGroup;
			children = (
				54E2E6502599E30500A9DD70 /* Entities */,
				546974ED258E5AE00038B3FA /* Custom View */,
				546974D5258E50BF0038B3FA /* AppDelegate.swift */,
				546974D7258E50BF0038B3FA /* SceneDelegate.swift */,
				546974D9258E50BF0038B3FA /* ViewController.swift */,
				546974DB258E50BF0038B3FA /* Main.storyboard */,
				546974E1258E50C20038B3FA /* Assets.xcassets */,
				54F294DC2593DD3F000FB619 /* CollectionViewController.swift */,
				54E2E6302599D0F100A9DD70 /* Info.plist */,
				546974E3258E50C20038B3FA /* LaunchScreen.storyboard */,
				545ED8D225952A7F004303FE /* DBManager.swift */,
				54E2E6192599CE7600A9DD70 /* Contact_Book.xcdatamodeld */,
			);
			path = "Contact Book";
			sourceTree = "<group>";
		};
		546974ED258E5AE00038B3FA /* Custom View */ = {
			isa = PBXGroup;
			children = (
				54F294D62593CE7D000FB619 /* CustomView.swift */,
			);
			path = "Custom View";
			sourceTree = "<group>";
		};
		54E2E6502599E30500A9DD70 /* Entities */ = {
			isa = PBXGroup;
			children = (
				54E2E64B2599E2F900A9DD70 /* Contact+CoreDataClass.swift */,
				54E2E64C2599E2F900A9DD70 /* Contact+CoreDataProperties.swift */,
			);
			path = Entities;
			sourceTree = "<group>";
		};
/* End PBXGroup section */

/* Begin PBXNativeTarget section */
		546974D1258E50BF0038B3FA /* Contact Book */ = {
			isa = PBXNativeTarget;
			buildConfigurationList = 546974E9258E50C20038B3FA /* Build configuration list for PBXNativeTarget "Contact Book" */;
			buildPhases = (
				546974CE258E50BF0038B3FA /* Sources */,
				546974CF258E50BF0038B3FA /* Frameworks */,
				546974D0258E50BF0038B3FA /* Resources */,
			);
			buildRules = (
			);
			dependencies = (
			);
			name = "Contact Book";
			productName = "Contact Book";
			productReference = 546974D2258E50BF0038B3FA /* Contact Book.app */;
			productType = "com.apple.product-type.application";
		};
/* End PBXNativeTarget section */

/* Begin PBXProject section */
		546974CA258E50BF0038B3FA /* Project object */ = {
			isa = PBXProject;
			attributes = {
				LastSwiftUpdateCheck = 1220;
				LastUpgradeCheck = 1220;
				TargetAttributes = {
					546974D1258E50BF0038B3FA = {
						CreatedOnToolsVersion = 12.2;
					};
				};
			};
			buildConfigurationList = 546974CD258E50BF0038B3FA /* Build configuration list for PBXProject "Contact Book" */;
			compatibilityVersion = "Xcode 9.3";
			developmentRegion = en;
			hasScannedForEncodings = 0;
			knownRegions = (
				en,
				Base,
			);
			mainGroup = 546974C9258E50BF0038B3FA;
			productRefGroup = 546974D3258E50BF0038B3FA /* Products */;
			projectDirPath = "";
			projectRoot = "";
			targets = (
				546974D1258E50BF0038B3FA /* Contact Book */,
			);
		};
/* End PBXProject section */

/* Begin PBXResourcesBuildPhase section */
		546974D0258E50BF0038B3FA /* Resources */ = {
			isa = PBXResourcesBuildPhase;
			buildActionMask = 2147483647;
			files = (
				546974E5258E50C20038B3FA /* LaunchScreen.storyboard in Resources */,
				546974E2258E50C20038B3FA /* Assets.xcassets in Resources */,
				546974DD258E50BF0038B3FA /* Main.storyboard in Resources */,
			);
			runOnlyForDeploymentPostprocessing = 0;
		};
/* End PBXResourcesBuildPhase section */

/* Begin PBXSourcesBuildPhase section */
		546974CE258E50BF0038B3FA /* Sources */ = {
			isa = PBXSourcesBuildPhase;
			buildActionMask = 2147483647;
			files = (
				54F294DD2593DD40000FB619 /* CollectionViewController.swift in Sources */,
				54F294D72593CE7D000FB619 /* CustomView.swift in Sources */,
				546974DA258E50BF0038B3FA /* ViewController.swift in Sources */,
				54E2E64E2599E2F900A9DD70 /* Contact+CoreDataProperties.swift in Sources */,
				545ED8D325952A7F004303FE /* DBManager.swift in Sources */,
				54E2E61B2599CE7600A9DD70 /* Contact_Book.xcdatamodeld in Sources */,
				546974D6258E50BF0038B3FA /* AppDelegate.swift in Sources */,
				54E2E64D2599E2F900A9DD70 /* Contact+CoreDataClass.swift in Sources */,
				546974D8258E50BF0038B3FA /* SceneDelegate.swift in Sources */,
			);
			runOnlyForDeploymentPostprocessing = 0;
		};
/* End PBXSourcesBuildPhase section */

/* Begin PBXVariantGroup section */
		546974DB258E50BF0038B3FA /* Main.storyboard */ = {
			isa = PBXVariantGroup;
			children = (
				546974DC258E50BF0038B3FA /* Base */,
			);
			name = Main.storyboard;
			sourceTree = "<group>";
		};
		546974E3258E50C20038B3FA /* LaunchScreen.storyboard */ = {
			isa = PBXVariantGroup;
			children = (
				546974E4258E50C20038B3FA /* Base */,
			);
			name = LaunchScreen.storyboard;
			sourceTree = "<group>";
		};
/* End PBXVariantGroup section */

/* Begin XCBuildConfiguration section */
		546974E7258E50C20038B3FA /* Debug */ = {
			isa = XCBuildConfiguration;
			buildSettings = {
				ALWAYS_SEARCH_USER_PATHS = NO;
				CLANG_ANALYZER_NONNULL = YES;
				CLANG_ANALYZER_NUMBER_OBJECT_CONVERSION = YES_AGGRESSIVE;
				CLANG_CXX_LANGUAGE_STANDARD = "gnu++14";
				CLANG_CXX_LIBRARY = "libc++";
				CLANG_ENABLE_MODULES = YES;
				CLANG_ENABLE_OBJC_ARC = YES;
				CLANG_ENABLE_OBJC_WEAK = YES;
				CLANG_WARN_BLOCK_CAPTURE_AUTORELEASING = YES;
				CLANG_WARN_BOOL_CONVERSION = YES;
				CLANG_WARN_COMMA = YES;
				CLANG_WARN_CONSTANT_CONVERSION = YES;
				CLANG_WARN_DEPRECATED_OBJC_IMPLEMENTATIONS = YES;
				CLANG_WARN_DIRECT_OBJC_ISA_USAGE = YES_ERROR;
				CLANG_WARN_DOCUMENTATION_COMMENTS = YES;
				CLANG_WARN_EMPTY_BODY = YES;
				CLANG_WARN_ENUM_CONVERSION = YES;
				CLANG_WARN_INFINITE_RECURSION = YES;
				CLANG_WARN_INT_CONVERSION = YES;
				CLANG_WARN_NON_LITERAL_NULL_CONVERSION = YES;
				CLANG_WARN_OBJC_IMPLICIT_RETAIN_SELF = YES;
				CLANG_WARN_OBJC_LITERAL_CONVERSION = YES;
				CLANG_WARN_OBJC_ROOT_CLASS = YES_ERROR;
				CLANG_WARN_QUOTED_INCLUDE_IN_FRAMEWORK_HEADER = YES;
				CLANG_WARN_RANGE_LOOP_ANALYSIS = YES;
				CLANG_WARN_STRICT_PROTOTYPES = YES;
				CLANG_WARN_SUSPICIOUS_MOVE = YES;
				CLANG_WARN_UNGUARDED_AVAILABILITY = YES_AGGRESSIVE;
				CLANG_WARN_UNREACHABLE_CODE = YES;
				CLANG_WARN__DUPLICATE_METHOD_MATCH = YES;
				COPY_PHASE_STRIP = NO;
				DEBUG_INFORMATION_FORMAT = dwarf;
				ENABLE_STRICT_OBJC_MSGSEND = YES;
				ENABLE_TESTABILITY = YES;
				GCC_C_LANGUAGE_STANDARD = gnu11;
				GCC_DYNAMIC_NO_PIC = NO;
				GCC_NO_COMMON_BLOCKS = YES;
				GCC_OPTIMIZATION_LEVEL = 0;
				GCC_PREPROCESSOR_DEFINITIONS = (
					"DEBUG=1",
					"$(inherited)",
				);
				GCC_WARN_64_TO_32_BIT_CONVERSION = YES;
				GCC_WARN_ABOUT_RETURN_TYPE = YES_ERROR;
				GCC_WARN_UNDECLARED_SELECTOR = YES;
				GCC_WARN_UNINITIALIZED_AUTOS = YES_AGGRESSIVE;
				GCC_WARN_UNUSED_FUNCTION = YES;
				GCC_WARN_UNUSED_VARIABLE = YES;
				IPHONEOS_DEPLOYMENT_TARGET = 14.2;
				MTL_ENABLE_DEBUG_INFO = INCLUDE_SOURCE;
				MTL_FAST_MATH = YES;
				ONLY_ACTIVE_ARCH = YES;
				SDKROOT = iphoneos;
				SWIFT_ACTIVE_COMPILATION_CONDITIONS = DEBUG;
				SWIFT_OPTIMIZATION_LEVEL = "-Onone";
			};
			name = Debug;
		};
		546974E8258E50C20038B3FA /* Release */ = {
			isa = XCBuildConfiguration;
			buildSettings = {
				ALWAYS_SEARCH_USER_PATHS = NO;
				CLANG_ANALYZER_NONNULL = YES;
				CLANG_ANALYZER_NUMBER_OBJECT_CONVERSION = YES_AGGRESSIVE;
				CLANG_CXX_LANGUAGE_STANDARD = "gnu++14";
				CLANG_CXX_LIBRARY = "libc++";
				CLANG_ENABLE_MODULES = YES;
				CLANG_ENABLE_OBJC_ARC = YES;
				CLANG_ENABLE_OBJC_WEAK = YES;
				CLANG_WARN_BLOCK_CAPTURE_AUTORELEASING = YES;
				CLANG_WARN_BOOL_CONVERSION = YES;
				CLANG_WARN_COMMA = YES;
				CLANG_WARN_CONSTANT_CONVERSION = YES;
				CLANG_WARN_DEPRECATED_OBJC_IMPLEMENTATIONS = YES;
				CLANG_WARN_DIRECT_OBJC_ISA_USAGE = YES_ERROR;
				CLANG_WARN_DOCUMENTATION_COMMENTS = YES;
				CLANG_WARN_EMPTY_BODY = YES;
				CLANG_WARN_ENUM_CONVERSION = YES;
				CLANG_WARN_INFINITE_RECURSION = YES;
				CLANG_WARN_INT_CONVERSION = YES;
				CLANG_WARN_NON_LITERAL_NULL_CONVERSION = YES;
				CLANG_WARN_OBJC_IMPLICIT_RETAIN_SELF = YES;
				CLANG_WARN_OBJC_LITERAL_CONVERSION = YES;
				CLANG_WARN_OBJC_ROOT_CLASS = YES_ERROR;
				CLANG_WARN_QUOTED_INCLUDE_IN_FRAMEWORK_HEADER = YES;
				CLANG_WARN_RANGE_LOOP_ANALYSIS = YES;
				CLANG_WARN_STRICT_PROTOTYPES = YES;
				CLANG_WARN_SUSPICIOUS_MOVE = YES;
				CLANG_WARN_UNGUARDED_AVAILABILITY = YES_AGGRESSIVE;
				CLANG_WARN_UNREACHABLE_CODE = YES;
				CLANG_WARN__DUPLICATE_METHOD_MATCH = YES;
				COPY_PHASE_STRIP = NO;
				DEBUG_INFORMATION_FORMAT = "dwarf-with-dsym";
				ENABLE_NS_ASSERTIONS = NO;
				ENABLE_STRICT_OBJC_MSGSEND = YES;
				GCC_C_LANGUAGE_STANDARD = gnu11;
				GCC_NO_COMMON_BLOCKS = YES;
				GCC_WARN_64_TO_32_BIT_CONVERSION = YES;
				GCC_WARN_ABOUT_RETURN_TYPE = YES_ERROR;
				GCC_WARN_UNDECLARED_SELECTOR = YES;
				GCC_WARN_UNINITIALIZED_AUTOS = YES_AGGRESSIVE;
				GCC_WARN_UNUSED_FUNCTION = YES;
				GCC_WARN_UNUSED_VARIABLE = YES;
				IPHONEOS_DEPLOYMENT_TARGET = 14.2;
				MTL_ENABLE_DEBUG_INFO = NO;
				MTL_FAST_MATH = YES;
				SDKROOT = iphoneos;
				SWIFT_COMPILATION_MODE = wholemodule;
				SWIFT_OPTIMIZATION_LEVEL = "-O";
				VALIDATE_PRODUCT = YES;
			};
			name = Release;
		};
		546974EA258E50C20038B3FA /* Debug */ = {
			isa = XCBuildConfiguration;
			buildSettings = {
				ASSETCATALOG_COMPILER_APPICON_NAME = AppIcon;
				ASSETCATALOG_COMPILER_GLOBAL_ACCENT_COLOR_NAME = AccentColor;
				CODE_SIGN_STYLE = Automatic;
				INFOPLIST_FILE = "Contact Book/Info.plist";
				LD_RUNPATH_SEARCH_PATHS = (
					"$(inherited)",
					"@executable_path/Frameworks",
				);
				PRODUCT_BUNDLE_IDENTIFIER = "mormo17.Contact-Book";
				PRODUCT_NAME = "$(TARGET_NAME)";
				SWIFT_VERSION = 5.0;
				TARGETED_DEVICE_FAMILY = "1,2";
			};
			name = Debug;
		};
		546974EB258E50C20038B3FA /* Release */ = {
			isa = XCBuildConfiguration;
			buildSettings = {
				ASSETCATALOG_COMPILER_APPICON_NAME = AppIcon;
				ASSETCATALOG_COMPILER_GLOBAL_ACCENT_COLOR_NAME = AccentColor;
				CODE_SIGN_STYLE = Automatic;
				INFOPLIST_FILE = "Contact Book/Info.plist";
				LD_RUNPATH_SEARCH_PATHS = (
					"$(inherited)",
					"@executable_path/Frameworks",
				);
				PRODUCT_BUNDLE_IDENTIFIER = "mormo17.Contact-Book";
				PRODUCT_NAME = "$(TARGET_NAME)";
				SWIFT_VERSION = 5.0;
				TARGETED_DEVICE_FAMILY = "1,2";
			};
			name = Release;
		};
/* End XCBuildConfiguration section */

/* Begin XCConfigurationList section */
		546974CD258E50BF0038B3FA /* Build configuration list for PBXProject "Contact Book" */ = {
			isa = XCConfigurationList;
			buildConfigurations = (
				546974E7258E50C20038B3FA /* Debug */,
				546974E8258E50C20038B3FA /* Release */,
			);
			defaultConfigurationIsVisible = 0;
			defaultConfigurationName = Release;
		};
		546974E9258E50C20038B3FA /* Build configuration list for PBXNativeTarget "Contact Book" */ = {
			isa = XCConfigurationList;
			buildConfigurations = (
				546974EA258E50C20038B3FA /* Debug */,
				546974EB258E50C20038B3FA /* Release */,
			);
			defaultConfigurationIsVisible = 0;
			defaultConfigurationName = Release;
		};
/* End XCConfigurationList section */

/* Begin XCVersionGroup section */
		54E2E6192599CE7600A9DD70 /* Contact_Book.xcdatamodeld */ = {
			isa = XCVersionGroup;
			children = (
				54E2E61A2599CE7600A9DD70 /* Contact_Book.xcdatamodel */,
			);
			currentVersion = 54E2E61A2599CE7600A9DD70 /* Contact_Book.xcdatamodel */;
			path = Contact_Book.xcdatamodeld;
			sourceTree = "<group>";
			usesTabs = 0;
			versionGroupType = wrapper.xcdatamodel;
		};
/* End XCVersionGroup section */
	};
	rootObject = 546974CA258E50BF0038B3FA /* Project object */;
}
